
Microsoft Visual Studio Solution File, Format Version 12.00
# Visual Studio Version 17
VisualStudioVersion = 17.0.31903.59
MinimumVisualStudioVersion = 10.0.40219.1
Project("{2150E333-8FDC-42A3-9474-1A3956D46DE8}") = "engine", "engine", "{D585295F-7994-3649-1065-7AA403C41681}"
EndProject
Project("{FAE04EC0-301F-11D3-BF4B-00C04F79EFBC}") = "VoiceScan.Core", "engine\VoiceScan.Core\VoiceScan.Core.csproj", "{E7D3B241-0B77-4481-9017-6A55D4EEC1AF}"
EndProject
Project("{FAE04EC0-301F-11D3-BF4B-00C04F79EFBC}") = "VoiceScan.Cli", "engine\VoiceScan.Cli\VoiceScan.Cli.csproj", "{5662DE00-4601-4B58-A4DA-D55BEB8B54AB}"
EndProject
Project("{FAE04EC0-301F-11D3-BF4B-00C04F79EFBC}") = "VoiceScan.Tests", "engine\VoiceScan.Tests\VoiceScan.Tests.csproj", "{E555B329-1CB8-4A93-ACBC-CD66DC08249B}"
EndProject
Project("{2150E333-8FDC-42A3-9474-1A3956D46DE8}") = "app", "app", "{F95F473B-E98A-ACD6-1986-755F447BE36F}"
EndProject
Project("{FAE04EC0-301F-11D3-BF4B-00C04F79EFBC}") = "VoiceScan.App.Core", "app\VoiceScan.App.Core\VoiceScan.App.Core.csproj", "{437C9D69-5533-4605-953A-791C8592D96C}"
EndProject
Project("{FAE04EC0-301F-11D3-BF4B-00C04F79EFBC}") = "VoiceScan.App", "app\VoiceScan.App\VoiceScan.App.csproj", "{BA0E2340-56B5-4D98-8968-FB1C7F53DE52}"
EndProject
Global
	GlobalSection(SolutionConfigurationPlatforms) = preSolution
		Debug|Any CPU = Debug|Any CPU
		Debug|x64 = Debug|x64
		Debug|x86 = Debug|x86
		Release|Any CPU = Release|Any CPU
		Release|x64 = Release|x64
		Release|x86 = Release|x86
	EndGlobalSection
	GlobalSection(ProjectConfigurationPlatforms) = postSolution
		{E7D3B241-0B77-4481-9017-6A55D4EEC1AF}.Debug|Any CPU.ActiveCfg = Debug|Any CPU
		{E7D3B241-0B77-4481-9017-6A55D4EEC1AF}.Debug|Any CPU.Build.0 = Debug|Any CPU
		{E7D3B241-0B77-4481-9017-6A55D4EEC1AF}.Debug|x64.ActiveCfg = Debug|Any CPU
		{E7D3B241-0B77-4481-9017-6A55D4EEC1AF}.Debug|x64.Build.0 = Debug|Any CPU
		{E7D3B241-0B77-4481-9017-6A55D4EEC1AF}.Debug|x86.ActiveCfg = Debug|Any CPU
		{E7D3B241-0B77-4481-9017-6A55D4EEC1AF}.Debug|x86.Build.0 = Debug|Any CPU
		{E7D3B241-0B77-4481-9017-6A55D4EEC1AF}.Release|Any CPU.ActiveCfg = Release|Any CPU
		{E7D3B241-0B77-4481-9017-6A55D4EEC1AF}.Release|Any CPU.Build.0 = Release|Any CPU
		{E7D3B241-0B77-4481-9017-6A55D4EEC1AF}.Release|x64.ActiveCfg = Release|Any CPU
		{E7D3B241-0B77-4481-9017-6A55D4EEC1AF}.Release|x64.Build.0 = Release|Any CPU
		{E7D3B241-0B77-4481-9017-6A55D4EEC1AF}.Release|x86.ActiveCfg = Release|Any CPU
		{E7D3B241-0B77-4481-9017-6A55D4EEC1AF}.Release|x86.Build.0 = Release|Any CPU
		{5662DE00-4601-4B58-A4DA-D55BEB8B54AB}.Debug|Any CPU.ActiveCfg = Debug|Any CPU
		{5662DE00-4601-4B58-A4DA-D55BEB8B54AB}.Debug|Any CPU.Build.0 = Debug|Any CPU
		{5662DE00-4601-4B58-A4DA-D55BEB8B54AB}.Debug|x64.ActiveCfg = Debug|Any CPU
		{5662DE00-4601-4B58-A4DA-D55BEB8B54AB}.Debug|x64.Build.0 = Debug|Any CPU
		{5662DE00-4601-4B58-A4DA-D55BEB8B54AB}.Debug|x86.ActiveCfg = Debug|Any CPU
		{5662DE00-4601-4B58-A4DA-D55BEB8B54AB}.Debug|x86.Build.0 = Debug|Any CPU
		{5662DE00-4601-4B58-A4DA-D55BEB8B54AB}.Release|Any CPU.ActiveCfg = Release|Any CPU
		{5662DE00-4601-4B58-A4DA-D55BEB8B54AB}.Release|Any CPU.Build.0 = Release|Any CPU
		{5662DE00-4601-4B58-A4DA-D55BEB8B54AB}.Release|x64.ActiveCfg = Release|Any CPU
		{5662DE00-4601-4B58-A4DA-D55BEB8B54AB}.Release|x64.Build.0 = Release|Any CPU
		{5662DE00-4601-4B58-A4DA-D55BEB8B54AB}.Release|x86.ActiveCfg = Release|Any CPU
		{5662DE00-4601-4B58-A4DA-D55BEB8B54AB}.Release|x86.Build.0 = Release|Any CPU
		{E555B329-1CB8-4A93-ACBC-CD66DC08249B}.Debug|Any CPU.ActiveCfg = Debug|Any CPU
		{E555B329-1CB8-4A93-ACBC-CD66DC08249B}.Debug|Any CPU.Build.0 = Debug|Any CPU
		{E555B329-1CB8-4A93-ACBC-CD66DC08249B}.Debug|x64.ActiveCfg = Debug|Any CPU
		{E555B329-1CB8-4A93-ACBC-CD66DC08249B}.Debug|x64.Build.0 = Debug|Any CPU
		{E555B329-1CB8-4A93-ACBC-CD66DC08249B}.Debug|x86.ActiveCfg = Debug|Any CPU
		{E555B329-1CB8-4A93-ACBC-CD66DC08249B}.Debug|x86.Build.0 = Debug|Any CPU
		{E555B329-1CB8-4A93-ACBC-CD66DC08249B}.Release|Any CPU.ActiveCfg = Release|Any CPU
		{E555B329-1CB8-4A93-ACBC-CD66DC08249B}.Release|Any CPU.Build.0 = Release|Any CPU
		{E555B329-1CB8-4A93-ACBC-CD66DC08249B}.Release|x64.ActiveCfg = Release|Any CPU
		{E555B329-1CB8-4A93-ACBC-CD66DC08249B}.Release|x64.Build.0 = Release|Any CPU
		{E555B329-1CB8-4A93-ACBC-CD66DC08249B}.Release|x86.ActiveCfg = Release|Any CPU
		{E555B329-1CB8-4A93-ACBC-CD66DC08249B}.Release|x86.Build.0 = Release|Any CPU
		{437C9D69-5533-4605-953A-791C8592D96C}.Debug|Any CPU.ActiveCfg = Debug|Any CPU
		{437C9D69-5533-4605-953A-791C8592D96C}.Debug|Any CPU.Build.0 = Debug|Any CPU
		{437C9D69-5533-4605-953A-791C8592D96C}.Debug|x64.ActiveCfg = Debug|Any CPU
		{437C9D69-5533-4605-953A-791C8592D96C}.Debug|x64.Build.0 = Debug|Any CPU
		{437C9D69-5533-4605-953A-791C8592D96C}.Debug|x86.ActiveCfg = Debug|Any CPU
		{437C9D69-5533-4605-953A-791C8592D96C}.Debug|x86.Build.0 = Debug|Any CPU
		{437C9D69-5533-4605-953A-791C8592D96C}.Release|Any CPU.ActiveCfg = Release|Any CPU
		{437C9D69-5533-4605-953A-791C8592D96C}.Release|Any CPU.Build.0 = Release|Any CPU
		{437C9D69-5533-4605-953A-791C8592D96C}.Release|x64.ActiveCfg = Release|Any CPU
		{437C9D69-5533-4605-953A-791C8592D96C}.Release|x64.Build.0 = Release|Any CPU
		{437C9D69-5533-4605-953A-791C8592D96C}.Release|x86.ActiveCfg = Release|Any CPU
		{437C9D69-5533-4605-953A-791C8592D96C}.Release|x86.Build.0 = Release|Any CPU
		{BA0E2340-56B5-4D98-8968-FB1C7F53DE52}.Debug|Any CPU.ActiveCfg = Debug|Any CPU
		{BA0E2340-56B5-4D98-8968-FB1C7F53DE52}.Debug|Any CPU.Build.0 = Debug|Any CPU
		{BA0E2340-56B5-4D98-8968-FB1C7F53DE52}.Debug|x64.ActiveCfg = Debug|x64
		{BA0E2340-56B5-4D98-8968-FB1C7F53DE52}.Debug|x64.Build.0 = Debug|x64
		{BA0E2340-56B5-4D98-8968-FB1C7F53DE52}.Debug|x86.ActiveCfg = Debug|Any CPU
		{BA0E2340-56B5-4D98-8968-FB1C7F53DE52}.Debug|x86.Build.0 = Debug|Any CPU
		{BA0E2340-56B5-4D98-8968-FB1C7F53DE52}.Release|Any CPU.ActiveCfg = Release|Any CPU
		{BA0E2340-56B5-4D98-8968-FB1C7F53DE52}.Release|Any CPU.Build.0 = Release|Any CPU
		{BA0E2340-56B5-4D98-8968-FB1C7F53DE52}.Release|x64.ActiveCfg = Release|x64
		{BA0E2340-56B5-4D98-8968-FB1C7F53DE52}.Release|x64.Build.0 = Release|x64
		{BA0E2340-56B5-4D98-8968-FB1C7F53DE52}.Release|x86.ActiveCfg = Release|Any CPU
		{BA0E2340-56B5-4D98-8968-FB1C7F53DE52}.Release|x86.Build.0 = Release|Any CPU
	EndGlobalSection
	GlobalSection(SolutionProperties) = preSolution
		HideSolutionNode = FALSE
	EndGlobalSection
	GlobalSection(NestedProjects) = preSolution
		{E7D3B241-0B77-4481-9017-6A55D4EEC1AF} = {D585295F-7994-3649-1065-7AA403C41681}
		{5662DE00-4601-4B58-A4DA-D55BEB8B54AB} = {D585295F-7994-3649-1065-7AA403C41681}
		{E555B329-1CB8-4A93-ACBC-CD66DC08249B} = {D585295F-7994-3649-1065-7AA403C41681}
		{437C9D69-5533-4605-953A-791C8592D96C} = {F95F473B-E98A-ACD6-1986-755F447BE36F}
		{BA0E2340-56B5-4D98-8968-FB1C7F53DE52} = {F95F473B-E98A-ACD6-1986-755F447BE36F}
	EndGlobalSection
EndGlobal
